
Microsoft Visual Studio Solution File, Format Version 12.00
# Visual Studio Version 16
VisualStudioVersion = 16.0.28809.33
MinimumVisualStudioVersion = 10.0.40219.1
Project("{FAE04EC0-301F-11D3-BF4B-00C04F79EFBC}") = "CustomUnitCreator", "CustomUnitCreator\CustomUnitCreator.csproj", "{86F33ECB-4EDB-4342-9BE3-AC53C4828B3C}"
EndProject
Global
	GlobalSection(SolutionConfigurationPlatforms) = preSolution
		Debug|Any CPU = Debug|Any CPU
		Release|Any CPU = Release|Any CPU
	EndGlobalSection
	GlobalSection(ProjectConfigurationPlatforms) = postSolution
		{86F33ECB-4EDB-4342-9BE3-AC53C4828B3C}.Debug|Any CPU.ActiveCfg = Debug|Any CPU
		{86F33ECB-4EDB-4342-9BE3-AC53C4828B3C}.Debug|Any CPU.Build.0 = Debug|Any CPU
		{86F33ECB-4EDB-4342-9BE3-AC53C4828B3C}.Release|Any CPU.ActiveCfg = Release|Any CPU
		{86F33ECB-4EDB-4342-9BE3-AC53C4828B3C}.Release|Any CPU.Build.0 = Release|Any CPU
	EndGlobalSection
	GlobalSection(SolutionProperties) = preSolution
		HideSolutionNode = FALSE
	EndGlobalSection
	GlobalSection(ExtensibilityGlobals) = postSolution
		SolutionGuid = {87CA2330-1B82-4E2E-895B-0025FF82A503}
	EndGlobalSection
EndGlobal
